
Microsoft Visual Studio Solution File, Format Version 12.00
# Visual Studio 2012
Project("{8BC9CEB8-8B4A-11D0-8D11-00A0C91BC942}") = "Homework2", "Homework2\Homework2.vcxproj", "{C93F5E92-E4B6-48C0-87A9-AE1A363B580F}"
EndProject
Global
	GlobalSection(SolutionConfigurationPlatforms) = preSolution
		Debug|Win32 = Debug|Win32
		Release|Win32 = Release|Win32
	EndGlobalSection
	GlobalSection(ProjectConfigurationPlatforms) = postSolution
		{C93F5E92-E4B6-48C0-87A9-AE1A363B580F}.Debug|Win32.ActiveCfg = Debug|Win32
		{C93F5E92-E4B6-48C0-87A9-AE1A363B580F}.Debug|Win32.Build.0 = Debug|Win32
		{C93F5E92-E4B6-48C0-87A9-AE1A363B580F}.Release|Win32.ActiveCfg = Release|Win32
		{C93F5E92-E4B6-48C0-87A9-AE1A363B580F}.Release|Win32.Build.0 = Release|Win32
	EndGlobalSection
	GlobalSection(SolutionProperties) = preSolution
		HideSolutionNode = FALSE
	EndGlobalSection
EndGlobal
